
Microsoft Visual Studio Solution File, Format Version 12.00
# Visual Studio Version 17
VisualStudioVersion = 17.11.35111.106
MinimumVisualStudioVersion = 10.0.40219.1
Project("{FAE04EC0-301F-11D3-BF4B-00C04F79EFBC}") = "TestProject", "TestProject\TestProject.csproj", "{FDE7EC9E-E9C4-4BDE-84B4-B6A5450D975D}"
EndProject
Global
	GlobalSection(SolutionConfigurationPlatforms) = preSolution
		Debug|Any CPU = Debug|Any CPU
		Release|Any CPU = Release|Any CPU
	EndGlobalSection
	GlobalSection(ProjectConfigurationPlatforms) = postSolution
		{FDE7EC9E-E9C4-4BDE-84B4-B6A5450D975D}.Debug|Any CPU.ActiveCfg = Debug|Any CPU
		{FDE7EC9E-E9C4-4BDE-84B4-B6A5450D975D}.Debug|Any CPU.Build.0 = Debug|Any CPU
		{FDE7EC9E-E9C4-4BDE-84B4-B6A5450D975D}.Debug|Any CPU.Deploy.0 = Debug|Any CPU
		{FDE7EC9E-E9C4-4BDE-84B4-B6A5450D975D}.Release|Any CPU.ActiveCfg = Release|Any CPU
		{FDE7EC9E-E9C4-4BDE-84B4-B6A5450D975D}.Release|Any CPU.Build.0 = Release|Any CPU
		{FDE7EC9E-E9C4-4BDE-84B4-B6A5450D975D}.Release|Any CPU.Deploy.0 = Release|Any CPU
	EndGlobalSection
	GlobalSection(SolutionProperties) = preSolution
		HideSolutionNode = FALSE
	EndGlobalSection
	GlobalSection(ExtensibilityGlobals) = postSolution
		SolutionGuid = {00FCF0F9-7A24-476D-9D78-E0E13F27A0B5}
	EndGlobalSection
EndGlobal
